// !$*UTF8*$!
{
	archiveVersion = 1;
	classes = {
	};
	objectVersion = 56;
	objects = {

/* Begin PBXBuildFile section */
		1A45D50A2A0BE50400D2861A /* iFastFoodApp.swift in Sources */ = {isa = PBXBuildFile; fileRef = 1A45D5092A0BE50400D2861A /* iFastFoodApp.swift */; };
		1A45D50C2A0BE50400D2861A /* ContentView.swift in Sources */ = {isa = PBXBuildFile; fileRef = 1A45D50B2A0BE50400D2861A /* ContentView.swift */; };
		1A45D50E2A0BE50400D2861A /* Assets.xcassets in Resources */ = {isa = PBXBuildFile; fileRef = 1A45D50D2A0BE50400D2861A /* Assets.xcassets */; };
		1A45D5112A0BE50400D2861A /* Preview Assets.xcassets in Resources */ = {isa = PBXBuildFile; fileRef = 1A45D5102A0BE50400D2861A /* Preview Assets.xcassets */; };
		1A45D51B2A0BE50400D2861A /* iFastFoodTests.swift in Sources */ = {isa = PBXBuildFile; fileRef = 1A45D51A2A0BE50400D2861A /* iFastFoodTests.swift */; };
		1A45D5252A0BE50400D2861A /* iFastFoodUITests.swift in Sources */ = {isa = PBXBuildFile; fileRef = 1A45D5242A0BE50400D2861A /* iFastFoodUITests.swift */; };
		1A45D5272A0BE50400D2861A /* iFastFoodUITestsLaunchTests.swift in Sources */ = {isa = PBXBuildFile; fileRef = 1A45D5262A0BE50400D2861A /* iFastFoodUITestsLaunchTests.swift */; };
		1A45D5382A0BE6A300D2861A /* menu.json in Resources */ = {isa = PBXBuildFile; fileRef = 1A45D5372A0BE6A300D2861A /* menu.json */; };
		1A45D53B2A0BE85E00D2861A /* Persistence.swift in Sources */ = {isa = PBXBuildFile; fileRef = 1A45D53A2A0BE85E00D2861A /* Persistence.swift */; };
		1A45D53E2A0BE8B700D2861A /* MenuModel.swift in Sources */ = {isa = PBXBuildFile; fileRef = 1A45D53D2A0BE8B700D2861A /* MenuModel.swift */; };
		1A45D5412A0BFC2000D2861A /* Extensions.swift in Sources */ = {isa = PBXBuildFile; fileRef = 1A45D5402A0BFC2000D2861A /* Extensions.swift */; };
/* End PBXBuildFile section */

/* Begin PBXContainerItemProxy section */
		1A45D5172A0BE50400D2861A /* PBXContainerItemProxy */ = {
			isa = PBXContainerItemProxy;
			containerPortal = 1A45D4FE2A0BE50300D2861A /* Project object */;
			proxyType = 1;
			remoteGlobalIDString = 1A45D5052A0BE50400D2861A;
			remoteInfo = iFastFood;
		};
		1A45D5212A0BE50400D2861A /* PBXContainerItemProxy */ = {
			isa = PBXContainerItemProxy;
			containerPortal = 1A45D4FE2A0BE50300D2861A /* Project object */;
			proxyType = 1;
			remoteGlobalIDString = 1A45D5052A0BE50400D2861A;
			remoteInfo = iFastFood;
		};
/* End PBXContainerItemProxy section */

/* Begin PBXFileReference section */
		1A45D5062A0BE50400D2861A /* iFastFood.app */ = {isa = PBXFileReference; explicitFileType = wrapper.application; includeInIndex = 0; path = iFastFood.app; sourceTree = BUILT_PRODUCTS_DIR; };
		1A45D5092A0BE50400D2861A /* iFastFoodApp.swift */ = {isa = PBXFileReference; lastKnownFileType = sourcecode.swift; path = iFastFoodApp.swift; sourceTree = "<group>"; };
		1A45D50B2A0BE50400D2861A /* ContentView.swift */ = {isa = PBXFileReference; lastKnownFileType = sourcecode.swift; path = ContentView.swift; sourceTree = "<group>"; };
		1A45D50D2A0BE50400D2861A /* Assets.xcassets */ = {isa = PBXFileReference; lastKnownFileType = folder.assetcatalog; path = Assets.xcassets; sourceTree = "<group>"; };
		1A45D5102A0BE50400D2861A /* Preview Assets.xcassets */ = {isa = PBXFileReference; lastKnownFileType = folder.assetcatalog; path = "Preview Assets.xcassets"; sourceTree = "<group>"; };
		1A45D5162A0BE50400D2861A /* iFastFoodTests.xctest */ = {isa = PBXFileReference; explicitFileType = wrapper.cfbundle; includeInIndex = 0; path = iFastFoodTests.xctest; sourceTree = BUILT_PRODUCTS_DIR; };
		1A45D51A2A0BE50400D2861A /* iFastFoodTests.swift */ = {isa = PBXFileReference; lastKnownFileType = sourcecode.swift; path = iFastFoodTests.swift; sourceTree = "<group>"; };
		1A45D5202A0BE50400D2861A /* iFastFoodUITests.xctest */ = {isa = PBXFileReference; explicitFileType = wrapper.cfbundle; includeInIndex = 0; path = iFastFoodUITests.xctest; sourceTree = BUILT_PRODUCTS_DIR; };
		1A45D5242A0BE50400D2861A /* iFastFoodUITests.swift */ = {isa = PBXFileReference; lastKnownFileType = sourcecode.swift; path = iFastFoodUITests.swift; sourceTree = "<group>"; };
		1A45D5262A0BE50400D2861A /* iFastFoodUITestsLaunchTests.swift */ = {isa = PBXFileReference; lastKnownFileType = sourcecode.swift; path = iFastFoodUITestsLaunchTests.swift; sourceTree = "<group>"; };
		1A45D5372A0BE6A300D2861A /* menu.json */ = {isa = PBXFileReference; fileEncoding = 4; lastKnownFileType = text.json; path = menu.json; sourceTree = "<group>"; };
		1A45D53A2A0BE85E00D2861A /* Persistence.swift */ = {isa = PBXFileReference; lastKnownFileType = sourcecode.swift; path = Persistence.swift; sourceTree = "<group>"; };
		1A45D53D2A0BE8B700D2861A /* MenuModel.swift */ = {isa = PBXFileReference; lastKnownFileType = sourcecode.swift; path = MenuModel.swift; sourceTree = "<group>"; };
		1A45D5402A0BFC2000D2861A /* Extensions.swift */ = {isa = PBXFileReference; lastKnownFileType = sourcecode.swift; path = Extensions.swift; sourceTree = "<group>"; };
/* End PBXFileReference section */

/* Begin PBXFrameworksBuildPhase section */
		1A45D5032A0BE50400D2861A /* Frameworks */ = {
			isa = PBXFrameworksBuildPhase;
			buildActionMask = 2147483647;
			files = (
			);
			runOnlyForDeploymentPostprocessing = 0;
		};
		1A45D5132A0BE50400D2861A /* Frameworks */ = {
			isa = PBXFrameworksBuildPhase;
			buildActionMask = 2147483647;
			files = (
			);
			runOnlyForDeploymentPostprocessing = 0;
		};
		1A45D51D2A0BE50400D2861A /* Frameworks */ = {
			isa = PBXFrameworksBuildPhase;
			buildActionMask = 2147483647;
			files = (
			);
			runOnlyForDeploymentPostprocessing = 0;
		};
/* End PBXFrameworksBuildPhase section */

/* Begin PBXGroup section */
		1A45D4FD2A0BE50300D2861A = {
			isa = PBXGroup;
			children = (
				1A45D5082A0BE50400D2861A /* iFastFood */,
				1A45D5192A0BE50400D2861A /* iFastFoodTests */,
				1A45D5232A0BE50400D2861A /* iFastFoodUITests */,
				1A45D5072A0BE50400D2861A /* Products */,
			);
			sourceTree = "<group>";
		};
		1A45D5072A0BE50400D2861A /* Products */ = {
			isa = PBXGroup;
			children = (
				1A45D5062A0BE50400D2861A /* iFastFood.app */,
				1A45D5162A0BE50400D2861A /* iFastFoodTests.xctest */,
				1A45D5202A0BE50400D2861A /* iFastFoodUITests.xctest */,
			);
			name = Products;
			sourceTree = "<group>";
		};
		1A45D5082A0BE50400D2861A /* iFastFood */ = {
			isa = PBXGroup;
			children = (
				1A45D5362A0BE67300D2861A /* Views */,
				1A45D5392A0BE83300D2861A /* Persistence */,
				1A45D53C2A0BE89100D2861A /* Models */,
				1A45D53F2A0BFC1400D2861A /* Helpers */,
				1A45D5352A0BE65F00D2861A /* System */,
				1A45D5342A0BE65100D2861A /* Resources */,
				1A45D50F2A0BE50400D2861A /* Preview Content */,
			);
			path = iFastFood;
			sourceTree = "<group>";
		};
		1A45D50F2A0BE50400D2861A /* Preview Content */ = {
			isa = PBXGroup;
			children = (
				1A45D5102A0BE50400D2861A /* Preview Assets.xcassets */,
			);
			path = "Preview Content";
			sourceTree = "<group>";
		};
		1A45D5192A0BE50400D2861A /* iFastFoodTests */ = {
			isa = PBXGroup;
			children = (
				1A45D51A2A0BE50400D2861A /* iFastFoodTests.swift */,
			);
			path = iFastFoodTests;
			sourceTree = "<group>";
		};
		1A45D5232A0BE50400D2861A /* iFastFoodUITests */ = {
			isa = PBXGroup;
			children = (
				1A45D5242A0BE50400D2861A /* iFastFoodUITests.swift */,
				1A45D5262A0BE50400D2861A /* iFastFoodUITestsLaunchTests.swift */,
			);
			path = iFastFoodUITests;
			sourceTree = "<group>";
		};
		1A45D5342A0BE65100D2861A /* Resources */ = {
			isa = PBXGroup;
			children = (
				1A45D50D2A0BE50400D2861A /* Assets.xcassets */,
				1A45D5372A0BE6A300D2861A /* menu.json */,
			);
			name = Resources;
			sourceTree = "<group>";
		};
		1A45D5352A0BE65F00D2861A /* System */ = {
			isa = PBXGroup;
			children = (
				1A45D5092A0BE50400D2861A /* iFastFoodApp.swift */,
			);
			name = System;
			sourceTree = "<group>";
		};
		1A45D5362A0BE67300D2861A /* Views */ = {
			isa = PBXGroup;
			children = (
				1A45D50B2A0BE50400D2861A /* ContentView.swift */,
			);
			name = Views;
			sourceTree = "<group>";
		};
		1A45D5392A0BE83300D2861A /* Persistence */ = {
			isa = PBXGroup;
			children = (
				1A45D53A2A0BE85E00D2861A /* Persistence.swift */,
			);
			name = Persistence;
			sourceTree = "<group>";
		};
		1A45D53C2A0BE89100D2861A /* Models */ = {
			isa = PBXGroup;
			children = (
				1A45D53D2A0BE8B700D2861A /* MenuModel.swift */,
			);
			name = Models;
			sourceTree = "<group>";
		};
		1A45D53F2A0BFC1400D2861A /* Helpers */ = {
			isa = PBXGroup;
			children = (
				1A45D5402A0BFC2000D2861A /* Extensions.swift */,
			);
			name = Helpers;
			sourceTree = "<group>";
		};
/* End PBXGroup section */

/* Begin PBXNativeTarget section */
		1A45D5052A0BE50400D2861A /* iFastFood */ = {
			isa = PBXNativeTarget;
			buildConfigurationList = 1A45D52A2A0BE50400D2861A /* Build configuration list for PBXNativeTarget "iFastFood" */;
			buildPhases = (
				1A45D5022A0BE50400D2861A /* Sources */,
				1A45D5032A0BE50400D2861A /* Frameworks */,
				1A45D5042A0BE50400D2861A /* Resources */,
			);
			buildRules = (
			);
			dependencies = (
			);
			name = iFastFood;
			productName = iFastFood;
			productReference = 1A45D5062A0BE50400D2861A /* iFastFood.app */;
			productType = "com.apple.product-type.application";
		};
		1A45D5152A0BE50400D2861A /* iFastFoodTests */ = {
			isa = PBXNativeTarget;
			buildConfigurationList = 1A45D52D2A0BE50400D2861A /* Build configuration list for PBXNativeTarget "iFastFoodTests" */;
			buildPhases = (
				1A45D5122A0BE50400D2861A /* Sources */,
				1A45D5132A0BE50400D2861A /* Frameworks */,
				1A45D5142A0BE50400D2861A /* Resources */,
			);
			buildRules = (
			);
			dependencies = (
				1A45D5182A0BE50400D2861A /* PBXTargetDependency */,
			);
			name = iFastFoodTests;
			productName = iFastFoodTests;
			productReference = 1A45D5162A0BE50400D2861A /* iFastFoodTests.xctest */;
			productType = "com.apple.product-type.bundle.unit-test";
		};
		1A45D51F2A0BE50400D2861A /* iFastFoodUITests */ = {
			isa = PBXNativeTarget;
			buildConfigurationList = 1A45D5302A0BE50400D2861A /* Build configuration list for PBXNativeTarget "iFastFoodUITests" */;
			buildPhases = (
				1A45D51C2A0BE50400D2861A /* Sources */,
				1A45D51D2A0BE50400D2861A /* Frameworks */,
				1A45D51E2A0BE50400D2861A /* Resources */,
			);
			buildRules = (
			);
			dependencies = (
				1A45D5222A0BE50400D2861A /* PBXTargetDependency */,
			);
			name = iFastFoodUITests;
			productName = iFastFoodUITests;
			productReference = 1A45D5202A0BE50400D2861A /* iFastFoodUITests.xctest */;
			productType = "com.apple.product-type.bundle.ui-testing";
		};
/* End PBXNativeTarget section */

/* Begin PBXProject section */
		1A45D4FE2A0BE50300D2861A /* Project object */ = {
			isa = PBXProject;
			attributes = {
				BuildIndependentTargetsInParallel = 1;
				LastSwiftUpdateCheck = 1430;
				LastUpgradeCheck = 1430;
				TargetAttributes = {
					1A45D5052A0BE50400D2861A = {
						CreatedOnToolsVersion = 14.3;
					};
					1A45D5152A0BE50400D2861A = {
						CreatedOnToolsVersion = 14.3;
						TestTargetID = 1A45D5052A0BE50400D2861A;
					};
					1A45D51F2A0BE50400D2861A = {
						CreatedOnToolsVersion = 14.3;
						TestTargetID = 1A45D5052A0BE50400D2861A;
					};
				};
			};
			buildConfigurationList = 1A45D5012A0BE50300D2861A /* Build configuration list for PBXProject "iFastFood" */;
			compatibilityVersion = "Xcode 14.0";
			developmentRegion = en;
			hasScannedForEncodings = 0;
			knownRegions = (
				en,
				Base,
			);
			mainGroup = 1A45D4FD2A0BE50300D2861A;
			productRefGroup = 1A45D5072A0BE50400D2861A /* Products */;
			projectDirPath = "";
			projectRoot = "";
			targets = (
				1A45D5052A0BE50400D2861A /* iFastFood */,
				1A45D5152A0BE50400D2861A /* iFastFoodTests */,
				1A45D51F2A0BE50400D2861A /* iFastFoodUITests */,
			);
		};
/* End PBXProject section */

/* Begin PBXResourcesBuildPhase section */
		1A45D5042A0BE50400D2861A /* Resources */ = {
			isa = PBXResourcesBuildPhase;
			buildActionMask = 2147483647;
			files = (
				1A45D5382A0BE6A300D2861A /* menu.json in Resources */,
				1A45D5112A0BE50400D2861A /* Preview Assets.xcassets in Resources */,
				1A45D50E2A0BE50400D2861A /* Assets.xcassets in Resources */,
			);
			runOnlyForDeploymentPostprocessing = 0;
		};
		1A45D5142A0BE50400D2861A /* Resources */ = {
			isa = PBXResourcesBuildPhase;
			buildActionMask = 2147483647;
			files = (
			);
			runOnlyForDeploymentPostprocessing = 0;
		};
		1A45D51E2A0BE50400D2861A /* Resources */ = {
			isa = PBXResourcesBuildPhase;
			buildActionMask = 2147483647;
			files = (
			);
			runOnlyForDeploymentPostprocessing = 0;
		};
/* End PBXResourcesBuildPhase section */

/* Begin PBXSourcesBuildPhase section */
		1A45D5022A0BE50400D2861A /* Sources */ = {
			isa = PBXSourcesBuildPhase;
			buildActionMask = 2147483647;
			files = (
				1A45D5412A0BFC2000D2861A /* Extensions.swift in Sources */,
				1A45D53E2A0BE8B700D2861A /* MenuModel.swift in Sources */,
				1A45D53B2A0BE85E00D2861A /* Persistence.swift in Sources */,
				1A45D50C2A0BE50400D2861A /* ContentView.swift in Sources */,
				1A45D50A2A0BE50400D2861A /* iFastFoodApp.swift in Sources */,
			);
			runOnlyForDeploymentPostprocessing = 0;
		};
		1A45D5122A0BE50400D2861A /* Sources */ = {
			isa = PBXSourcesBuildPhase;
			buildActionMask = 2147483647;
			files = (
				1A45D51B2A0BE50400D2861A /* iFastFoodTests.swift in Sources */,
			);
			runOnlyForDeploymentPostprocessing = 0;
		};
		1A45D51C2A0BE50400D2861A /* Sources */ = {
			isa = PBXSourcesBuildPhase;
			buildActionMask = 2147483647;
			files = (
				1A45D5272A0BE50400D2861A /* iFastFoodUITestsLaunchTests.swift in Sources */,
				1A45D5252A0BE50400D2861A /* iFastFoodUITests.swift in Sources */,
			);
			runOnlyForDeploymentPostprocessing = 0;
		};
/* End PBXSourcesBuildPhase section */

/* Begin PBXTargetDependency section */
		1A45D5182A0BE50400D2861A /* PBXTargetDependency */ = {
			isa = PBXTargetDependency;
			target = 1A45D5052A0BE50400D2861A /* iFastFood */;
			targetProxy = 1A45D5172A0BE50400D2861A /* PBXContainerItemProxy */;
		};
		1A45D5222A0BE50400D2861A /* PBXTargetDependency */ = {
			isa = PBXTargetDependency;
			target = 1A45D5052A0BE50400D2861A /* iFastFood */;
			targetProxy = 1A45D5212A0BE50400D2861A /* PBXContainerItemProxy */;
		};
/* End PBXTargetDependency section */

/* Begin XCBuildConfiguration section */
		1A45D5282A0BE50400D2861A /* Debug */ = {
			isa = XCBuildConfiguration;
			buildSettings = {
				ALWAYS_SEARCH_USER_PATHS = NO;
				CLANG_ANALYZER_NONNULL = YES;
				CLANG_ANALYZER_NUMBER_OBJECT_CONVERSION = YES_AGGRESSIVE;
				CLANG_CXX_LANGUAGE_STANDARD = "gnu++20";
				CLANG_ENABLE_MODULES = YES;
				CLANG_ENABLE_OBJC_ARC = YES;
				CLANG_ENABLE_OBJC_WEAK = YES;
				CLANG_WARN_BLOCK_CAPTURE_AUTORELEASING = YES;
				CLANG_WARN_BOOL_CONVERSION = YES;
				CLANG_WARN_COMMA = YES;
				CLANG_WARN_CONSTANT_CONVERSION = YES;
				CLANG_WARN_DEPRECATED_OBJC_IMPLEMENTATIONS = YES;
				CLANG_WARN_DIRECT_OBJC_ISA_USAGE = YES_ERROR;
				CLANG_WARN_DOCUMENTATION_COMMENTS = YES;
				CLANG_WARN_EMPTY_BODY = YES;
				CLANG_WARN_ENUM_CONVERSION = YES;
				CLANG_WARN_INFINITE_RECURSION = YES;
				CLANG_WARN_INT_CONVERSION = YES;
				CLANG_WARN_NON_LITERAL_NULL_CONVERSION = YES;
				CLANG_WARN_OBJC_IMPLICIT_RETAIN_SELF = YES;
				CLANG_WARN_OBJC_LITERAL_CONVERSION = YES;
				CLANG_WARN_OBJC_ROOT_CLASS = YES_ERROR;
				CLANG_WARN_QUOTED_INCLUDE_IN_FRAMEWORK_HEADER = YES;
				CLANG_WARN_RANGE_LOOP_ANALYSIS = YES;
				CLANG_WARN_STRICT_PROTOTYPES = YES;
				CLANG_WARN_SUSPICIOUS_MOVE = YES;
				CLANG_WARN_UNGUARDED_AVAILABILITY = YES_AGGRESSIVE;
				CLANG_WARN_UNREACHABLE_CODE = YES;
				CLANG_WARN__DUPLICATE_METHOD_MATCH = YES;
				COPY_PHASE_STRIP = NO;
				DEBUG_INFORMATION_FORMAT = dwarf;
				ENABLE_STRICT_OBJC_MSGSEND = YES;
				ENABLE_TESTABILITY = YES;
				GCC_C_LANGUAGE_STANDARD = gnu11;
				GCC_DYNAMIC_NO_PIC = NO;
				GCC_NO_COMMON_BLOCKS = YES;
				GCC_OPTIMIZATION_LEVEL = 0;
				GCC_PREPROCESSOR_DEFINITIONS = (
					"DEBUG=1",
					"$(inherited)",
				);
				GCC_WARN_64_TO_32_BIT_CONVERSION = YES;
				GCC_WARN_ABOUT_RETURN_TYPE = YES_ERROR;
				GCC_WARN_UNDECLARED_SELECTOR = YES;
				GCC_WARN_UNINITIALIZED_AUTOS = YES_AGGRESSIVE;
				GCC_WARN_UNUSED_FUNCTION = YES;
				GCC_WARN_UNUSED_VARIABLE = YES;
				IPHONEOS_DEPLOYMENT_TARGET = 16.4;
				MTL_ENABLE_DEBUG_INFO = INCLUDE_SOURCE;
				MTL_FAST_MATH = YES;
				ONLY_ACTIVE_ARCH = YES;
				SDKROOT = iphoneos;
				SWIFT_ACTIVE_COMPILATION_CONDITIONS = DEBUG;
				SWIFT_OPTIMIZATION_LEVEL = "-Onone";
			};
			name = Debug;
		};
		1A45D5292A0BE50400D2861A /* Release */ = {
			isa = XCBuildConfiguration;
			buildSettings = {
				ALWAYS_SEARCH_USER_PATHS = NO;
				CLANG_ANALYZER_NONNULL = YES;
				CLANG_ANALYZER_NUMBER_OBJECT_CONVERSION = YES_AGGRESSIVE;
				CLANG_CXX_LANGUAGE_STANDARD = "gnu++20";
				CLANG_ENABLE_MODULES = YES;
				CLANG_ENABLE_OBJC_ARC = YES;
				CLANG_ENABLE_OBJC_WEAK = YES;
				CLANG_WARN_BLOCK_CAPTURE_AUTORELEASING = YES;
				CLANG_WARN_BOOL_CONVERSION = YES;
				CLANG_WARN_COMMA = YES;
				CLANG_WARN_CONSTANT_CONVERSION = YES;
				CLANG_WARN_DEPRECATED_OBJC_IMPLEMENTATIONS = YES;
				CLANG_WARN_DIRECT_OBJC_ISA_USAGE = YES_ERROR;
				CLANG_WARN_DOCUMENTATION_COMMENTS = YES;
				CLANG_WARN_EMPTY_BODY = YES;
				CLANG_WARN_ENUM_CONVERSION = YES;
				CLANG_WARN_INFINITE_RECURSION = YES;
				CLANG_WARN_INT_CONVERSION = YES;
				CLANG_WARN_NON_LITERAL_NULL_CONVERSION = YES;
				CLANG_WARN_OBJC_IMPLICIT_RETAIN_SELF = YES;
				CLANG_WARN_OBJC_LITERAL_CONVERSION = YES;
				CLANG_WARN_OBJC_ROOT_CLASS = YES_ERROR;
				CLANG_WARN_QUOTED_INCLUDE_IN_FRAMEWORK_HEADER = YES;
				CLANG_WARN_RANGE_LOOP_ANALYSIS = YES;
				CLANG_WARN_STRICT_PROTOTYPES = YES;
				CLANG_WARN_SUSPICIOUS_MOVE = YES;
				CLANG_WARN_UNGUARDED_AVAILABILITY = YES_AGGRESSIVE;
				CLANG_WARN_UNREACHABLE_CODE = YES;
				CLANG_WARN__DUPLICATE_METHOD_MATCH = YES;
				COPY_PHASE_STRIP = NO;
				DEBUG_INFORMATION_FORMAT = "dwarf-with-dsym";
				ENABLE_NS_ASSERTIONS = NO;
				ENABLE_STRICT_OBJC_MSGSEND = YES;
				GCC_C_LANGUAGE_STANDARD = gnu11;
				GCC_NO_COMMON_BLOCKS = YES;
				GCC_WARN_64_TO_32_BIT_CONVERSION = YES;
				GCC_WARN_ABOUT_RETURN_TYPE = YES_ERROR;
				GCC_WARN_UNDECLARED_SELECTOR = YES;
				GCC_WARN_UNINITIALIZED_AUTOS = YES_AGGRESSIVE;
				GCC_WARN_UNUSED_FUNCTION = YES;
				GCC_WARN_UNUSED_VARIABLE = YES;
				IPHONEOS_DEPLOYMENT_TARGET = 16.4;
				MTL_ENABLE_DEBUG_INFO = NO;
				MTL_FAST_MATH = YES;
				SDKROOT = iphoneos;
				SWIFT_COMPILATION_MODE = wholemodule;
				SWIFT_OPTIMIZATION_LEVEL = "-O";
				VALIDATE_PRODUCT = YES;
			};
			name = Release;
		};
		1A45D52B2A0BE50400D2861A /* Debug */ = {
			isa = XCBuildConfiguration;
			buildSettings = {
				ASSETCATALOG_COMPILER_APPICON_NAME = AppIcon;
				ASSETCATALOG_COMPILER_GLOBAL_ACCENT_COLOR_NAME = AccentColor;
				CODE_SIGN_STYLE = Automatic;
				CURRENT_PROJECT_VERSION = 1;
				DEVELOPMENT_ASSET_PATHS = "\"iFastFood/Preview Content\"";
				DEVELOPMENT_TEAM = 5X587S7WGV;
				ENABLE_PREVIEWS = YES;
				GENERATE_INFOPLIST_FILE = YES;
				INFOPLIST_KEY_UIApplicationSceneManifest_Generation = YES;
				INFOPLIST_KEY_UIApplicationSupportsIndirectInputEvents = YES;
				INFOPLIST_KEY_UILaunchScreen_Generation = YES;
				INFOPLIST_KEY_UISupportedInterfaceOrientations_iPad = "UIInterfaceOrientationPortrait UIInterfaceOrientationPortraitUpsideDown UIInterfaceOrientationLandscapeLeft UIInterfaceOrientationLandscapeRight";
				INFOPLIST_KEY_UISupportedInterfaceOrientations_iPhone = "UIInterfaceOrientationPortrait UIInterfaceOrientationLandscapeLeft UIInterfaceOrientationLandscapeRight";
				LD_RUNPATH_SEARCH_PATHS = (
					"$(inherited)",
					"@executable_path/Frameworks",
				);
				MARKETING_VERSION = 1.0;
				PRODUCT_BUNDLE_IDENTIFIER = com.bito.iFastFood;
				PRODUCT_NAME = "$(TARGET_NAME)";
				SWIFT_EMIT_LOC_STRINGS = YES;
				SWIFT_VERSION = 5.0;
				TARGETED_DEVICE_FAMILY = "1,2";
			};
			name = Debug;
		};
		1A45D52C2A0BE50400D2861A /* Release */ = {
			isa = XCBuildConfiguration;
			buildSettings = {
				ASSETCATALOG_COMPILER_APPICON_NAME = AppIcon;
				ASSETCATALOG_COMPILER_GLOBAL_ACCENT_COLOR_NAME = AccentColor;
				CODE_SIGN_STYLE = Automatic;
				CURRENT_PROJECT_VERSION = 1;
				DEVELOPMENT_ASSET_PATHS = "\"iFastFood/Preview Content\"";
				DEVELOPMENT_TEAM = 5X587S7WGV;
				ENABLE_PREVIEWS = YES;
				GENERATE_INFOPLIST_FILE = YES;
				INFOPLIST_KEY_UIApplicationSceneManifest_Generation = YES;
				INFOPLIST_KEY_UIApplicationSupportsIndirectInputEvents = YES;
				INFOPLIST_KEY_UILaunchScreen_Generation = YES;
				INFOPLIST_KEY_UISupportedInterfaceOrientations_iPad = "UIInterfaceOrientationPortrait UIInterfaceOrientationPortraitUpsideDown UIInterfaceOrientationLandscapeLeft UIInterfaceOrientationLandscapeRight";
				INFOPLIST_KEY_UISupportedInterfaceOrientations_iPhone = "UIInterfaceOrientationPortrait UIInterfaceOrientationLandscapeLeft UIInterfaceOrientationLandscapeRight";
				LD_RUNPATH_SEARCH_PATHS = (
					"$(inherited)",
					"@executable_path/Frameworks",
				);
				MARKETING_VERSION = 1.0;
				PRODUCT_BUNDLE_IDENTIFIER = com.bito.iFastFood;
				PRODUCT_NAME = "$(TARGET_NAME)";
				SWIFT_EMIT_LOC_STRINGS = YES;
				SWIFT_VERSION = 5.0;
				TARGETED_DEVICE_FAMILY = "1,2";
			};
			name = Release;
		};
		1A45D52E2A0BE50400D2861A /* Debug */ = {
			isa = XCBuildConfiguration;
			buildSettings = {
				ALWAYS_EMBED_SWIFT_STANDARD_LIBRARIES = YES;
				BUNDLE_LOADER = "$(TEST_HOST)";
				CODE_SIGN_STYLE = Automatic;
				CURRENT_PROJECT_VERSION = 1;
				DEVELOPMENT_TEAM = 5X587S7WGV;
				GENERATE_INFOPLIST_FILE = YES;
				IPHONEOS_DEPLOYMENT_TARGET = 16.4;
				MARKETING_VERSION = 1.0;
				PRODUCT_BUNDLE_IDENTIFIER = com.bito.iFastFoodTests;
				PRODUCT_NAME = "$(TARGET_NAME)";
				SWIFT_EMIT_LOC_STRINGS = NO;
				SWIFT_VERSION = 5.0;
				TARGETED_DEVICE_FAMILY = "1,2";
				TEST_HOST = "$(BUILT_PRODUCTS_DIR)/iFastFood.app/$(BUNDLE_EXECUTABLE_FOLDER_PATH)/iFastFood";
			};
			name = Debug;
		};
		1A45D52F2A0BE50400D2861A /* Release */ = {
			isa = XCBuildConfiguration;
			buildSettings = {
				ALWAYS_EMBED_SWIFT_STANDARD_LIBRARIES = YES;
				BUNDLE_LOADER = "$(TEST_HOST)";
				CODE_SIGN_STYLE = Automatic;
				CURRENT_PROJECT_VERSION = 1;
				DEVELOPMENT_TEAM = 5X587S7WGV;
				GENERATE_INFOPLIST_FILE = YES;
				IPHONEOS_DEPLOYMENT_TARGET = 16.4;
				MARKETING_VERSION = 1.0;
				PRODUCT_BUNDLE_IDENTIFIER = com.bito.iFastFoodTests;
				PRODUCT_NAME = "$(TARGET_NAME)";
				SWIFT_EMIT_LOC_STRINGS = NO;
				SWIFT_VERSION = 5.0;
				TARGETED_DEVICE_FAMILY = "1,2";
				TEST_HOST = "$(BUILT_PRODUCTS_DIR)/iFastFood.app/$(BUNDLE_EXECUTABLE_FOLDER_PATH)/iFastFood";
			};
			name = Release;
		};
		1A45D5312A0BE50400D2861A /* Debug */ = {
			isa = XCBuildConfiguration;
			buildSettings = {
				ALWAYS_EMBED_SWIFT_STANDARD_LIBRARIES = YES;
				CODE_SIGN_STYLE = Automatic;
				CURRENT_PROJECT_VERSION = 1;
				DEVELOPMENT_TEAM = 5X587S7WGV;
				GENERATE_INFOPLIST_FILE = YES;
				MARKETING_VERSION = 1.0;
				PRODUCT_BUNDLE_IDENTIFIER = com.bito.iFastFoodUITests;
				PRODUCT_NAME = "$(TARGET_NAME)";
				SWIFT_EMIT_LOC_STRINGS = NO;
				SWIFT_VERSION = 5.0;
				TARGETED_DEVICE_FAMILY = "1,2";
				TEST_TARGET_NAME = iFastFood;
			};
			name = Debug;
		};
		1A45D5322A0BE50400D2861A /* Release */ = {
			isa = XCBuildConfiguration;
			buildSettings = {
				ALWAYS_EMBED_SWIFT_STANDARD_LIBRARIES = YES;
				CODE_SIGN_STYLE = Automatic;
				CURRENT_PROJECT_VERSION = 1;
				DEVELOPMENT_TEAM = 5X587S7WGV;
				GENERATE_INFOPLIST_FILE = YES;
				MARKETING_VERSION = 1.0;
				PRODUCT_BUNDLE_IDENTIFIER = com.bito.iFastFoodUITests;
				PRODUCT_NAME = "$(TARGET_NAME)";
				SWIFT_EMIT_LOC_STRINGS = NO;
				SWIFT_VERSION = 5.0;
				TARGETED_DEVICE_FAMILY = "1,2";
				TEST_TARGET_NAME = iFastFood;
			};
			name = Release;
		};
/* End XCBuildConfiguration section */

/* Begin XCConfigurationList section */
		1A45D5012A0BE50300D2861A /* Build configuration list for PBXProject "iFastFood" */ = {
			isa = XCConfigurationList;
			buildConfigurations = (
				1A45D5282A0BE50400D2861A /* Debug */,
				1A45D5292A0BE50400D2861A /* Release */,
			);
			defaultConfigurationIsVisible = 0;
			defaultConfigurationName = Release;
		};
		1A45D52A2A0BE50400D2861A /* Build configuration list for PBXNativeTarget "iFastFood" */ = {
			isa = XCConfigurationList;
			buildConfigurations = (
				1A45D52B2A0BE50400D2861A /* Debug */,
				1A45D52C2A0BE50400D2861A /* Release */,
			);
			defaultConfigurationIsVisible = 0;
			defaultConfigurationName = Release;
		};
		1A45D52D2A0BE50400D2861A /* Build configuration list for PBXNativeTarget "iFastFoodTests" */ = {
			isa = XCConfigurationList;
			buildConfigurations = (
				1A45D52E2A0BE50400D2861A /* Debug */,
				1A45D52F2A0BE50400D2861A /* Release */,
			);
			defaultConfigurationIsVisible = 0;
			defaultConfigurationName = Release;
		};
		1A45D5302A0BE50400D2861A /* Build configuration list for PBXNativeTarget "iFastFoodUITests" */ = {
			isa = XCConfigurationList;
			buildConfigurations = (
				1A45D5312A0BE50400D2861A /* Debug */,
				1A45D5322A0BE50400D2861A /* Release */,
			);
			defaultConfigurationIsVisible = 0;
			defaultConfigurationName = Release;
		};
/* End XCConfigurationList section */
	};
	rootObject = 1A45D4FE2A0BE50300D2861A /* Project object */;
}
